
Microsoft Visual Studio Solution File, Format Version 12.00
# Visual Studio Version 17
VisualStudioVersion = 17.12.35514.174
MinimumVisualStudioVersion = 10.0.40219.1
Project("{FAE04EC0-301F-11D3-BF4B-00C04F79EFBC}") = "DevToys.Geo", "DevToys.Geo\DevToys.Geo.csproj", "{6A9BFA69-AB32-4FA6-B1CC-3B2550343525}"
EndProject
Project("{FAE04EC0-301F-11D3-BF4B-00C04F79EFBC}") = "DevToys.Geo.UnitTests", "DevToys.Geo.UnitTests\DevToys.Geo.UnitTests.csproj", "{04E01B5F-2D30-4A3C-85F9-11E09A25810B}"
EndProject
Global
	GlobalSection(SolutionConfigurationPlatforms) = preSolution
		Debug|Any CPU = Debug|Any CPU
		Release|Any CPU = Release|Any CPU
	EndGlobalSection
	GlobalSection(ProjectConfigurationPlatforms) = postSolution
		{6A9BFA69-AB32-4FA6-B1CC-3B2550343525}.Debug|Any CPU.ActiveCfg = Debug|Any CPU
		{6A9BFA69-AB32-4FA6-B1CC-3B2550343525}.Debug|Any CPU.Build.0 = Debug|Any CPU
		{6A9BFA69-AB32-4FA6-B1CC-3B2550343525}.Release|Any CPU.ActiveCfg = Release|Any CPU
		{6A9BFA69-AB32-4FA6-B1CC-3B2550343525}.Release|Any CPU.Build.0 = Release|Any CPU
		{04E01B5F-2D30-4A3C-85F9-11E09A25810B}.Debug|Any CPU.ActiveCfg = Debug|Any CPU
		{04E01B5F-2D30-4A3C-85F9-11E09A25810B}.Debug|Any CPU.Build.0 = Debug|Any CPU
		{04E01B5F-2D30-4A3C-85F9-11E09A25810B}.Release|Any CPU.ActiveCfg = Release|Any CPU
		{04E01B5F-2D30-4A3C-85F9-11E09A25810B}.Release|Any CPU.Build.0 = Release|Any CPU
	EndGlobalSection
	GlobalSection(SolutionProperties) = preSolution
		HideSolutionNode = FALSE
	EndGlobalSection
EndGlobal
